{
  "version": "5",
  "specifiers": {
    "npm:@effect/platform-deno@4.0.0-rc.111": "4.0.0-rc.111_effect@4.0.0-rc.110",
    "npm:@effect/platform-deno@rc": "4.0.0-rc.111_effect@4.0.0-rc.110",
    "npm:@effect/platform@*": "0.62.0_@effect+schema@0.71.4__effect@4.0.0-rc.110_effect@4.0.0-rc.110",
    "npm:@effect/platform@0.62.0": "0.62.0_@effect+schema@0.71.4__effect@4.0.0-rc.110_effect@4.0.0-rc.110",
    "npm:@effect/sql-pg@rc": "4.0.0-rc.110_effect@4.0.0-rc.110",
    "npm:@types/pg@^8.23.1": "8.23.1",
    "npm:effect@rc": "4.0.0-rc.110",
    "npm:pg@^8.23.0": "8.23.0"
  },
  "npm": {
    "@effect/platform-deno@4.0.0-rc.111_effect@4.0.0-rc.110": {
      "integrity": "sha512-gc9da+h3q7uysDGLkfcAR1C889/EGMRl3ZUuWUTZEpHUdCQTHo1gDo47jaGW1brUNHPbTOzdd1QyloA7Xmmbww==",
      "dependencies": [
        "@db/redis@npm:@jsr/db__redis@0.41.2",
        "@effect/platform-node-shared",
        "@std/fs@npm:@jsr/std__fs@1.0.24",
        "@std/media-types@npm:@jsr/std__media-types@1.1.0",
        "@std/path@npm:@jsr/std__path@1.1.6",
        "@std/streams@npm:@jsr/std__streams@1.1.2",
        "effect"
      ]
    },
    "@effect/platform-node-shared@4.0.0-rc.111_effect@4.0.0-rc.110": {
      "integrity": "sha512-iES0Q9vmjhaUKqeW9ceonuD45MUg/Ouk08LzRSptZ+B5qB0w9WlRjDmUz5TJmY2betNop5FRI5k4AD4mtQt3Bw==",
      "dependencies": [
        "@types/ws",
        "effect",
        "ws"
      ]
    },
    "@effect/platform@0.62.0_@effect+schema@0.71.4__effect@4.0.0-rc.110_effect@4.0.0-rc.110": {
      "integrity": "sha512-Zt+nr+CWcqJ6O6mLsG0YYav1Kwwody+LZ0EuwuwoqVrTLdy2ZYG6mbrklYx5SbXoCLtUisfmyUh0GbffviJ/xA==",
      "dependencies": [
        "@effect/schema",
        "effect",
        "find-my-way-ts",
        "multipasta"
      ]
    },
    "@effect/schema@0.71.4_effect@4.0.0-rc.110": {
      "integrity": "sha512-iAAEusrhHQ2xVVTHbnZhSgiSuL81s8befP1Bl+AI7PEJg++HfHQSOEnU+narX/f7udJZ1EY/Ir0G+ATXSK8TZg==",
      "dependencies": [
        "effect",
        "fast-check@3.23.2"
      ],
      "deprecated": true
    },
    "@effect/sql-pg@4.0.0-rc.110_effect@4.0.0-rc.110": {
      "integrity": "sha512-GiJkQPAXGXyVB+fQkZ5NvUY1D2Um4nnsY63l5/lBhb/UNqqPLyMwPJil7rPopAoX9pzYkbpwJjMKRJuIlR9ixg==",
      "dependencies": [
        "effect",
        "pg",
        "pg-connection-string",
        "pg-cursor",
        "pg-pool",
        "pg-types@4.1.0"
      ]
    },
    "@jsr/db__redis@0.41.2": {
      "integrity": "sha512-pDHlF3sQaU5+VDwDH3jRkETBSD9gAIqdoaC3j0B4nrffr+H/Kh0Pbw7i/p5eD+9W5j38l8yRqZGbo4xgohYttg==",
      "dependencies": [
        "@jsr/std__async",
        "@jsr/std__bytes",
        "@jsr/std__collections",
        "@jsr/std__io",
        "@jsr/std__random",
        "cluster-key-slot"
      ],
      "tarball": "https://npm.jsr.io/~/11/@jsr/db__redis/0.41.2.tgz"
    },
    "@jsr/std__assert@1.0.19": {
      "integrity": "sha512-pEj6RPkGbqlgRmyKwATp4cUs6+ijxtdrv3bq8v1d2I2CEcMEyPaO8cVKro61wGRDH4cNg8Zx6haztvK/9m7gkA==",
      "dependencies": [
        "@jsr/std__internal"
      ],
      "tarball": "https://npm.jsr.io/~/11/@jsr/std__assert/1.0.19.tgz"
    },
    "@jsr/std__async@1.5.0": {
      "integrity": "sha512-I2Qekl1oQYM+dpI2RQUCKi1TBuaA7Od3LNzxcqls9s1e2ytiZyREL4403qHJ6UbLNAwbqO2ZhdWAWDUQAajyiA==",
      "dependencies": [
        "@jsr/std__data-structures"
      ],
      "tarball": "https://npm.jsr.io/~/11/@jsr/std__async/1.5.0.tgz"
    },
    "@jsr/std__bytes@1.0.6": {
      "integrity": "sha512-St6yKggjFGhxS52IFLJWvkchRFbAKg2Xh8UxA4S1EGz7GJ2Ui+ssDDldj/w2c8vCxvl6qgR0HaYbKeFJNqujmA==",
      "tarball": "https://npm.jsr.io/~/11/@jsr/std__bytes/1.0.6.tgz"
    },
    "@jsr/std__collections@1.3.0": {
      "integrity": "sha512-oJ5V5ZvsWyO5VLdGk3TaRHaVibfVKHvDC8KJdgmxIucHN2QzAXlMt36ApyTUBncfrhXdN/5Q3yMNvloAKym8RA==",
      "tarball": "https://npm.jsr.io/~/11/@jsr/std__collections/1.3.0.tgz"
    },
    "@jsr/std__data-structures@1.1.2": {
      "integrity": "sha512-YaNAaUYGr3qBnq8LJ0/FSW6tsnDBMX7hcPuGU7Zi/+aWlAJsZ4OroBNSpRIflizbOvCJCycAnXe9yLjIwDF2KA==",
      "dependencies": [
        "@jsr/std__assert"
      ],
      "tarball": "https://npm.jsr.io/~/11/@jsr/std__data-structures/1.1.2.tgz"
    },
    "@jsr/std__fs@1.0.24": {
      "integrity": "sha512-UunW2Rg++9sA74NJnYMGTsMVQgoFRAwPP02wRRohL0PQBNorbyxHiyCMRaxYQCtLepTLkC4nUyMtcwrGKqTR6g==",
      "dependencies": [
        "@jsr/std__internal",
        "@jsr/std__path"
      ],
      "tarball": "https://npm.jsr.io/~/11/@jsr/std__fs/1.0.24.tgz"
    },
    "@jsr/std__internal@1.0.14": {
      "integrity": "sha512-JT8b/t40WcR9q0GDwRZUooY7aXeXnFal8iidE/5TckdAFtvpVAsaJ71/Xgf1SfoChs41s6CZkuCYM8toaNgdvA==",
      "tarball": "https://npm.jsr.io/~/11/@jsr/std__internal/1.0.14.tgz"
    },
    "@jsr/std__io@0.224.5": {
      "integrity": "sha512-1Y8ZWIjFiQKkaSJwbt7NM/9esDtO0ieKS4vcT929dFArG2ADk7ZKVAV4KluYYh4+kF5VgkOcvJkEm84KeBpqFA==",
      "dependencies": [
        "@jsr/std__bytes"
      ],
      "tarball": "https://npm.jsr.io/~/11/@jsr/std__io/0.224.5.tgz"
    },
    "@jsr/std__media-types@1.1.0": {
      "integrity": "sha512-dHvaxHL7ENWnltgL653uo3KnKFse3ZbopZop2gqsT7yrscx7irZEClu5Cba7gMPPRk4Lg1FbriNcaBViM2RSBw==",
      "tarball": "https://npm.jsr.io/~/11/@jsr/std__media-types/1.1.0.tgz"
    },
    "@jsr/std__path@1.1.6": {
      "integrity": "sha512-H1Cmg6z8jFyIsQbVV+vZB4eOx4k6Qg8lyUM6l7nZysj5MZumg89kb0M1bsPBTGQis3fw6mJFkJELo5+AK6oCFA==",
      "dependencies": [
        "@jsr/std__internal"
      ],
      "tarball": "https://npm.jsr.io/~/11/@jsr/std__path/1.1.6.tgz"
    },
    "@jsr/std__random@0.1.0": {
      "integrity": "sha512-gt+pI83ha04zLv2+5kSf/i6uPT4c8QEwscpATrYe2IKfOkCVpL++NrFcH7pWHc0vgm2fDGC8aY6OI2Mz7tEHhQ==",
      "tarball": "https://npm.jsr.io/~/11/@jsr/std__random/0.1.0.tgz"
    },
    "@jsr/std__streams@1.1.2": {
      "integrity": "sha512-TNg+Mr/vE2Wg+JDdZpVj9umEyzcmSAOtcp0ildlyVCjHy0/fJ2BJZgO8PQXA/SwJOchvKLaMafZzfFkm9PO13A==",
      "dependencies": [
        "@jsr/std__bytes"
      ],
      "tarball": "https://npm.jsr.io/~/11/@jsr/std__streams/1.1.2.tgz"
    },
    "@msgpackr-extract/msgpackr-extract-darwin-arm64@3.0.4": {
      "integrity": "sha512-LCkGo6JDfaBhgST7UpPWgNgLINpcpabaHfyz5OBx75nUYxBsaEPxjnyNjWpeb/xBup/682QnBfRBy2/LvPutZQ==",
      "os": ["darwin"],
      "cpu": ["arm64"]
    },
    "@msgpackr-extract/msgpackr-extract-darwin-x64@3.0.4": {
      "integrity": "sha512-zExlW9zUJKZH/tOtVMttwjKa4Xm/3KcNjnE3dPN92uCktwavMxpgCA3MoJK/DOnTWsQgo224OaST27/mPNAf+w==",
      "os": ["darwin"],
      "cpu": ["x64"]
    },
    "@msgpackr-extract/msgpackr-extract-linux-arm64@3.0.4": {
      "integrity": "sha512-dgX0P/9wGPJeHFBG+ZmhgE6bmtMt7NP5CRBGyyktpopdk/mW4POnrpQsSLtKI1dwpc+pPLuXHDh6vvskyQE/sw==",
      "os": ["linux"],
      "cpu": ["arm64"]
    },
    "@msgpackr-extract/msgpackr-extract-linux-arm@3.0.4": {
      "integrity": "sha512-Tg3yX65f5GbtXLkrYEHE5oibZG9epyYWas7FogTTEJeDEF9JlXJzKgXaNhT3UXlTOeA+AfZpYZYZ0uPj7Cfquw==",
      "os": ["linux"],
      "cpu": ["arm"]
    },
    "@msgpackr-extract/msgpackr-extract-linux-x64@3.0.4": {
      "integrity": "sha512-8TNXMEjJc3QEy7R/x1INhgiU+XakDAFUzBhaz7+Rbrs8NH5UQeHQxxmzsSBJGyV6I1jW79undiQm8tOI+D+8FQ==",
      "os": ["linux"],
      "cpu": ["x64"]
    },
    "@msgpackr-extract/msgpackr-extract-win32-x64@3.0.4": {
      "integrity": "sha512-CmCXPQrkbwExx3j946/PtHWHbYJiCRBRDl4BlkRQcJB/YOwQxJRTpoo7aTsortjgoJ1x7opzTSxn7C+ASSLVjQ==",
      "os": ["win32"],
      "cpu": ["x64"]
    },
    "@standard-schema/spec@1.1.0": {
      "integrity": "sha512-l2aFy5jALhniG5HgqrD6jXLi/rUWrKvqN/qJx6yoJsgKhblVd+iqqU4RCXavm/jPityDo5TCvKMnpjKnOriy0w=="
    },
    "@types/node@26.2.0": {
      "integrity": "sha512-5IviulTZeRNp2vAJ514cc/HUlY5nZ9fCbq9DMyC52BrhFZACo3nI0R7qBxhQmo/d27NFe96ur/b7Wwxklda+kg==",
      "dependencies": [
        "undici-types"
      ]
    },
    "@types/pg@8.23.1": {
      "integrity": "sha512-fKVHpikPdg4GKks3JuLEhvwSyvwzF23hnabPy6DD8ljVbC7+6J5dQzdv4arV6jqq57djnMgs1HKBxX4P8aBI3A==",
      "dependencies": [
        "@types/node",
        "pg-protocol",
        "pg-types@2.2.0"
      ]
    },
    "@types/ws@8.18.1": {
      "integrity": "sha512-ThVF6DCVhA8kUGy+aazFQ4kXQ7E1Ty7A3ypFOe0IcJV8O/M511G99AW24irKrW56Wt44yG9+ij8FaqoBGkuBXg==",
      "dependencies": [
        "@types/node"
      ]
    },
    "cluster-key-slot@1.1.0": {
      "integrity": "sha512-2Nii8p3RwAPiFwsnZvukotvow2rIHM+yQ6ZcBXGHdniadkYGZYiGmkHJIbZPIV9nfv7m/U1IPMVVcAhoWFeklw=="
    },
    "detect-libc@2.1.2": {
      "integrity": "sha512-Btj2BOOO83o3WyH59e8MgXsxEQVcarkUOpEYrubB0urwnN10yQ364rsiByU11nZlqWYZm05i/of7io4mzihBtQ=="
    },
    "effect@4.0.0-rc.110": {
      "integrity": "sha512-ega6FTJ8CS2of7tHZiADvgyJyV999Q6tZ9juE56V81O0jw6flRwydaPNtyfvP2a5LL9PZrse8A1jnNUD5sWVHg==",
      "dependencies": [
        "@standard-schema/spec",
        "fast-check@4.9.0",
        "msgpackr"
      ]
    },
    "fast-check@3.23.2": {
      "integrity": "sha512-h5+1OzzfCC3Ef7VbtKdcv7zsstUQwUDlYpUTvjeUsJAssPgLn7QzbboPtL5ro04Mq0rPOsMzl7q5hIbRs2wD1A==",
      "dependencies": [
        "pure-rand@6.1.0"
      ]
    },
    "fast-check@4.9.0": {
      "integrity": "sha512-7ms6T7SybUev/PQITciI0yLM2pOSFy5zpG8Ty7tQofcVaQUvrMXp6CBwqF6fThLCLOrfBtuHAtwq6Yu4XPCllg==",
      "dependencies": [
        "pure-rand@8.4.2"
      ]
    },
    "find-my-way-ts@0.1.6": {
      "integrity": "sha512-a85L9ZoXtNAey3Y6Z+eBWW658kO/MwR7zIafkIUPUMf3isZG0NCs2pjW2wtjxAKuJPxMAsHUIP4ZPGv0o5gyTA=="
    },
    "msgpackr-extract@3.0.4": {
      "integrity": "sha512-4kmO/MdyUIkLIvTPr8VHLil4AtoKIoniWPIEk5+CDy0xnWC84azhSFmuJ7PxZdsYtiP5kEeQsORAVIeMgxT+Hw==",
      "dependencies": [
        "node-gyp-build-optional-packages"
      ],
      "optionalDependencies": [
        "@msgpackr-extract/msgpackr-extract-darwin-arm64",
        "@msgpackr-extract/msgpackr-extract-darwin-x64",
        "@msgpackr-extract/msgpackr-extract-linux-arm",
        "@msgpackr-extract/msgpackr-extract-linux-arm64",
        "@msgpackr-extract/msgpackr-extract-linux-x64",
        "@msgpackr-extract/msgpackr-extract-win32-x64"
      ],
      "scripts": true,
      "bin": true
    },
    "msgpackr@2.0.5": {
      "integrity": "sha512-cef05H/dSYpLpqp3sj/qyZh5vhUYCalnaLO7j1yOmpsR0y/XwLVtK7r5gn+U/F7CTEfMowcGhlUQJDLcLf7jcA==",
      "optionalDependencies": [
        "msgpackr-extract"
      ]
    },
    "multipasta@0.2.8": {
      "integrity": "sha512-ZPWuMKyv0cSO29f7hozp+k6+crZbQijV8ipMvxNxRf2SwtYGTX1ZX89Kd20VV4H9Znonx+EQn+iy1wGQsJ+b+Q=="
    },
    "node-gyp-build-optional-packages@5.2.2": {
      "integrity": "sha512-s+w+rBWnpTMwSFbaE0UXsRlg7hU4FjekKU4eyAih5T8nJuNZT1nNsskXpxmeqSK9UzkBl6UgRlnKc8hz8IEqOw==",
      "dependencies": [
        "detect-libc"
      ],
      "bin": true
    },
    "obuf@1.1.2": {
      "integrity": "sha512-PX1wu0AmAdPqOL1mWhqmlOd8kOIZQwGZw6rh7uby9fTc5lhaOWFLX3I6R1hrF9k3zUY40e6igsLGkDXK92LJNg=="
    },
    "pg-cloudflare@1.4.0": {
      "integrity": "sha512-Vo7z/6rrQYxpNRylp4Tlob2elzbh+N/MOQbxFVWCxS7oEx6jF53GTJFxK2WWpKuBRkmiin4Mt+xofFDjx09R0A=="
    },
    "pg-connection-string@2.14.0": {
      "integrity": "sha512-XwWDGcLRGCXAR8F/AM5bG7Q+A3Wm2s6QeEjlOKZLlH3UYcguiqCWKyWXVag5TLTIjR7oOJUY8kcADaZgWPyLeg=="
    },
    "pg-cursor@2.22.0_pg@8.23.0": {
      "integrity": "sha512-knzXLKqarTjOvb3qDSW0JiGsazmxwEKXrqHfWRte7XUsOYccQRafn3BLnQobWwInkzFJSyOej8y8cQRh2z3kGw==",
      "dependencies": [
        "pg"
      ]
    },
    "pg-int8@1.0.1": {
      "integrity": "sha512-WCtabS6t3c8SkpDBUlb1kjOs7l66xsGdKpIPZsg4wR+B3+u9UAum2odSsF9tnvxg80h4ZxLWMy4pRjOsFIqQpw=="
    },
    "pg-numeric@1.0.2": {
      "integrity": "sha512-BM/Thnrw5jm2kKLE5uJkXqqExRUY/toLHda65XgFTBTFYZyopbKjBe29Ii3RbkvlsMoFwD+tHeGaCjjv0gHlyw=="
    },
    "pg-pool@3.14.0_pg@8.23.0": {
      "integrity": "sha512-gKtPkFdQPU3DksooVLi9LsjZxrsBUZIpa+7aVx+LV5pNh0KzP4Zleud2po+ConrxbuXGBJ6Hfer6hdgpIBpBaw==",
      "dependencies": [
        "pg"
      ]
    },
    "pg-protocol@1.16.0": {
      "integrity": "sha512-sILXutLVjCLjcDuOmvhX5e2Z4cS5qG/6Bu3VkpFwdf/633ElGLpEh9bgmuI5I4sqKqkifQiGyiCcx1HdtrK7tg=="
    },
    "pg-types@2.2.0": {
      "integrity": "sha512-qTAAlrEsl8s4OiEQY69wDvcMIdQN6wdz5ojQiOy6YRMuynxenON0O5oCpJI6lshc6scgAY8qvJ2On/p+CXY0GA==",
      "dependencies": [
        "pg-int8",
        "postgres-array@2.0.0",
        "postgres-bytea@1.0.1",
        "postgres-date@1.0.7",
        "postgres-interval@1.2.0"
      ]
    },
    "pg-types@4.1.0": {
      "integrity": "sha512-o2XFanIMy/3+mThw69O8d4n1E5zsLhdO+OPqswezu7Z5ekP4hYDqlDjlmOpYMbzY2Br0ufCwJLdDIXeNVwcWFg==",
      "dependencies": [
        "pg-int8",
        "pg-numeric",
        "postgres-array@3.0.4",
        "postgres-bytea@3.0.0",
        "postgres-date@2.1.0",
        "postgres-interval@3.0.0",
        "postgres-range"
      ]
    },
    "pg@8.23.0": {
      "integrity": "sha512-Ip2EQCngowJLGOfCwkFhPXU7/ljlhn6Rxlmy4XYfL2Y+vyRM59+8uR2xqRWKdYmbXmxCFOAmKxBuSUCdF34qLg==",
      "dependencies": [
        "pg-connection-string",
        "pg-pool",
        "pg-protocol",
        "pg-types@2.2.0",
        "pgpass"
      ],
      "optionalDependencies": [
        "pg-cloudflare"
      ]
    },
    "pgpass@1.0.5": {
      "integrity": "sha512-FdW9r/jQZhSeohs1Z3sI1yxFQNFvMcnmfuj4WBMUTxOrAyLMaTcE1aAMBiTlbMNaXvBCQuVi0R7hd8udDSP7ug==",
      "dependencies": [
        "split2"
      ]
    },
    "postgres-array@2.0.0": {
      "integrity": "sha512-VpZrUqU5A69eQyW2c5CA1jtLecCsN2U/bD6VilrFDWq5+5UIEVO7nazS3TEcHf1zuPYO/sqGvUvW62g86RXZuA=="
    },
    "postgres-array@3.0.4": {
      "integrity": "sha512-nAUSGfSDGOaOAEGwqsRY27GPOea7CNipJPOA7lPbdEpx5Kg3qzdP0AaWC5MlhTWV9s4hFX39nomVZ+C4tnGOJQ=="
    },
    "postgres-bytea@1.0.1": {
      "integrity": "sha512-5+5HqXnsZPE65IJZSMkZtURARZelel2oXUEO8rH83VS/hxH5vv1uHquPg5wZs8yMAfdv971IU+kcPUczi7NVBQ=="
    },
    "postgres-bytea@3.0.0": {
      "integrity": "sha512-CNd4jim9RFPkObHSjVHlVrxoVQXz7quwNFpz7RY1okNNme49+sVyiTvTRobiLV548Hx/hb1BG+iE7h9493WzFw==",
      "dependencies": [
        "obuf"
      ]
    },
    "postgres-date@1.0.7": {
      "integrity": "sha512-suDmjLVQg78nMK2UZ454hAG+OAW+HQPZ6n++TNDUX+L0+uUlLywnoxJKDou51Zm+zTCjrCl0Nq6J9C5hP9vK/Q=="
    },
    "postgres-date@2.1.0": {
      "integrity": "sha512-K7Juri8gtgXVcDfZttFKVmhglp7epKb1K4pgrkLxehjqkrgPhfG6OO8LHLkfaqkbpjNRnra018XwAr1yQFWGcA=="
    },
    "postgres-interval@1.2.0": {
      "integrity": "sha512-9ZhXKM/rw350N1ovuWHbGxnGh/SNJ4cnxHiM0rxE4VN41wsg8P8zWn9hv/buK00RP4WvlOyr/RBDiptyxVbkZQ==",
      "dependencies": [
        "xtend"
      ]
    },
    "postgres-interval@3.0.0": {
      "integrity": "sha512-BSNDnbyZCXSxgA+1f5UU2GmwhoI0aU5yMxRGO8CdFEcY2BQF9xm/7MqKnYoM1nJDk8nONNWDk9WeSmePFhQdlw=="
    },
    "postgres-range@1.1.4": {
      "integrity": "sha512-i/hbxIE9803Alj/6ytL7UHQxRvZkI9O4Sy+J3HGc4F4oo/2eQAjTSNJ0bfxyse3bH0nuVesCk+3IRLaMtG3H6w=="
    },
    "pure-rand@6.1.0": {
      "integrity": "sha512-bVWawvoZoBYpp6yIoQtQXHZjmz35RSVHnUOTefl8Vcjr8snTPY1wnpSPMWekcFwbxI6gtmT7rSYPFvz71ldiOA=="
    },
    "pure-rand@8.4.2": {
      "integrity": "sha512-vvuOGgcuPJAirlHvuQw1TrOiw7ptaIXXmIbNuiNOY6lNGJJH49PQ1Kj4nd783nPdQhQdicgOjVI2yI/9BD6/Ng=="
    },
    "split2@4.2.0": {
      "integrity": "sha512-UcjcJOWknrNkF6PLX83qcHM6KHgVKNkV62Y8a5uYDVv9ydGQVwAHMKqHdJje1VTWpljG0WYpCDhrCdAOYH4TWg=="
    },
    "undici-types@8.3.0": {
      "integrity": "sha512-j375ScV60dom+YkPFIfTLcOiPxkN/buHz5GobjLhixFuANaNs3C9l4GmrWqejgXWJ7BbJcFYpTEUkS1Ge8bpZQ=="
    },
    "ws@8.21.3": {
      "integrity": "sha512-201TZ/kPWxoPr/OKWjquZR1SWKXcvxdH+e1xrx89b3YbmzLMFCLfnaG1HFIgWzJOEWZ7MvpK++odZufgYR50Rw=="
    },
    "xtend@4.0.2": {
      "integrity": "sha512-LKYU1iAXJXUgAXn9URjiu+MWhyUXHsvfp7mcuYm9dSUKK0/CjtrUwFAxD82/mCWbtLsGjFIad0wIsod4zrTAEQ=="
    }
  },
  "workspace": {
    "members": {
      "apps/server": {
        "dependencies": [
          "npm:@effect/platform-deno@4.0.0-rc.111",
          "npm:@effect/sql-pg@rc",
          "npm:@types/pg@^8.23.1",
          "npm:effect@rc",
          "npm:pg@^8.23.0"
        ]
      },
      "apps/web": {
        "dependencies": [
          "npm:effect@rc"
        ]
      }
    }
  }
}
